{
  "name": "@takamoso/satori",
  "version": "0.0.1",
  "lockfileVersion": 1,
  "requires": true,
  "dependencies": {
    "caniuse-db": {
      "version": "1.0.30001004",
      "resolved": "https://registry.npmjs.org/caniuse-db/-/caniuse-db-1.0.30001004.tgz",
      "integrity": "sha512-VBTptWLoxsIhIGFZOEvtHhdRyhh+6JARUnVy2debGRNmrKfunVAa9cRuAvOnrQk4z/SDiNm5S2d6h32eIHZMoA==",
      "dev": true
    },
    "extend": {
      "version": "3.0.2",
      "resolved": "https://registry.npmjs.org/extend/-/extend-3.0.2.tgz",
      "integrity": "sha512-fjquC59cD7CyW6urNXK0FBufkZcoiGG80wTuPujX590cB5Ttln20E2UB4S/WARVqhXffZl2LNgS+gQdPIIim/g==",
      "dev": true
    },
    "mdn-browser-compat-data": {
      "version": "0.0.98",
      "resolved": "https://registry.npmjs.org/mdn-browser-compat-data/-/mdn-browser-compat-data-0.0.98.tgz",
      "integrity": "sha512-aixrkulXdvMp90I5rWuzBCks9GruwEyNfMgX5qg9lSATyOvI5OPzuFnO98BAsXG5x5MrA9BSxu0jwJbRFaAG/g==",
      "dev": true,
      "requires": {
        "extend": "3.0.2"
      }
    }
  }
}
